
Microsoft Visual Studio Solution File, Format Version 12.00
# Visual Studio Version 16
VisualStudioVersion = 16.0.30503.244
MinimumVisualStudioVersion = 10.0.40219.1
Project("{FAE04EC0-301F-11D3-BF4B-00C04F79EFBC}") = "DecisionMaking", "DecisionMaking\DecisionMaking.csproj", "{A7992E39-8442-40CF-B499-C6B5FDC39697}"
EndProject
Global
	GlobalSection(SolutionConfigurationPlatforms) = preSolution
		Debug|Any CPU = Debug|Any CPU
		Release|Any CPU = Release|Any CPU
	EndGlobalSection
	GlobalSection(ProjectConfigurationPlatforms) = postSolution
		{A7992E39-8442-40CF-B499-C6B5FDC39697}.Debug|Any CPU.ActiveCfg = Debug|Any CPU
		{A7992E39-8442-40CF-B499-C6B5FDC39697}.Debug|Any CPU.Build.0 = Debug|Any CPU
		{A7992E39-8442-40CF-B499-C6B5FDC39697}.Release|Any CPU.ActiveCfg = Release|Any CPU
		{A7992E39-8442-40CF-B499-C6B5FDC39697}.Release|Any CPU.Build.0 = Release|Any CPU
	EndGlobalSection
	GlobalSection(SolutionProperties) = preSolution
		HideSolutionNode = FALSE
	EndGlobalSection
	GlobalSection(ExtensibilityGlobals) = postSolution
		SolutionGuid = {4D955BFC-1EC2-4209-BF58-C8982EF8360A}
	EndGlobalSection
EndGlobal
